
Microsoft Visual Studio Solution File, Format Version 12.00
# Visual Studio 2012
Project("{FAE04EC0-301F-11D3-BF4B-00C04F79EFBC}") = "PoCRD", "PoCRD\PoCRD.csproj", "{4B1991E1-CD63-4BF6-BED7-E4FF2007551A}"
EndProject
Project("{FAE04EC0-301F-11D3-BF4B-00C04F79EFBC}") = "PoCRD.Client.Tests", "PoCRD.Client.Tests\PoCRD.Client.Tests.csproj", "{EBC32B73-D228-45DC-8440-68B561542228}"
EndProject
Global
	GlobalSection(SolutionConfigurationPlatforms) = preSolution
		Debug|Any CPU = Debug|Any CPU
		Release|Any CPU = Release|Any CPU
	EndGlobalSection
	GlobalSection(ProjectConfigurationPlatforms) = postSolution
		{4B1991E1-CD63-4BF6-BED7-E4FF2007551A}.Debug|Any CPU.ActiveCfg = Debug|Any CPU
		{4B1991E1-CD63-4BF6-BED7-E4FF2007551A}.Debug|Any CPU.Build.0 = Debug|Any CPU
		{4B1991E1-CD63-4BF6-BED7-E4FF2007551A}.Release|Any CPU.ActiveCfg = Release|Any CPU
		{4B1991E1-CD63-4BF6-BED7-E4FF2007551A}.Release|Any CPU.Build.0 = Release|Any CPU
		{EBC32B73-D228-45DC-8440-68B561542228}.Debug|Any CPU.ActiveCfg = Debug|Any CPU
		{EBC32B73-D228-45DC-8440-68B561542228}.Debug|Any CPU.Build.0 = Debug|Any CPU
		{EBC32B73-D228-45DC-8440-68B561542228}.Release|Any CPU.ActiveCfg = Release|Any CPU
		{EBC32B73-D228-45DC-8440-68B561542228}.Release|Any CPU.Build.0 = Release|Any CPU
	EndGlobalSection
EndGlobal
