// !$*UTF8*$!
{
	archiveVersion = 1;
	classes = {
	};
	objectVersion = 46;
	objects = {

/* Begin PBXBuildFile section */
		3580D0931D12B6220027180B /* PoCApiAccessor.m in Sources */ = {isa = PBXBuildFile; fileRef = 3580CE021D12B6220027180B /* PoCApiAccessor.m */; };
		3580D0941D12B6220027180B /* PoCApiContext.m in Sources */ = {isa = PBXBuildFile; fileRef = 3580CE051D12B6220027180B /* PoCApiContext.m */; };
		3580D0951D12B6220027180B /* PoCBaseRequest.m in Sources */ = {isa = PBXBuildFile; fileRef = 3580CE071D12B6220027180B /* PoCBaseRequest.m */; };
		3580D0961D12B6220027180B /* PoCFileRequest.m in Sources */ = {isa = PBXBuildFile; fileRef = 3580CE091D12B6220027180B /* PoCFileRequest.m */; };
		3580D0971D12B6220027180B /* PoCFileResp.m in Sources */ = {isa = PBXBuildFile; fileRef = 3580CE0B1D12B6220027180B /* PoCFileResp.m */; };
		3580D0981D12B6220027180B /* PoCLocalException.m in Sources */ = {isa = PBXBuildFile; fileRef = 3580CE0D1D12B6220027180B /* PoCLocalException.m */; };
		3580D0991D12B6220027180B /* PoCResponse.m in Sources */ = {isa = PBXBuildFile; fileRef = 3580CE0F1D12B6220027180B /* PoCResponse.m */; };
		3580D09A1D12B6220027180B /* PoCServerResponse.m in Sources */ = {isa = PBXBuildFile; fileRef = 3580CE111D12B6220027180B /* PoCServerResponse.m */; };
		3580D09B1D12B6220027180B /* PoCSystemVersion.m in Sources */ = {isa = PBXBuildFile; fileRef = 3580CE131D12B6220027180B /* PoCSystemVersion.m */; };
		35E79B031D48917600B0B60F /* PoCApiCode.m in Sources */ = {isa = PBXBuildFile; fileRef = 35E795CD1D48917000B0B60F /* PoCApiCode.m */; };
		35E79C741D48917600B0B60F /* PoCApi_BoolArrayResp.m in Sources */ = {isa = PBXBuildFile; fileRef = 35E798B11D48917300B0B60F /* PoCApi_BoolArrayResp.m */; };
		35E79C751D48917600B0B60F /* PoCApi_BoolResp.m in Sources */ = {isa = PBXBuildFile; fileRef = 35E798B31D48917300B0B60F /* PoCApi_BoolResp.m */; };
		35E79C7F1D48917600B0B60F /* PoCApi_CallState.m in Sources */ = {isa = PBXBuildFile; fileRef = 35E798C71D48917300B0B60F /* PoCApi_CallState.m */; };
		35E79CA81D48917600B0B60F /* PoCApi_CreditNotification.m in Sources */ = {isa = PBXBuildFile; fileRef = 35E799191D48917300B0B60F /* PoCApi_CreditNotification.m */; };
		35E79CD51D48917600B0B60F /* PoCApi_JSONString.m in Sources */ = {isa = PBXBuildFile; fileRef = 35E799731D48917400B0B60F /* PoCApi_JSONString.m */; };
		35E79CD61D48917600B0B60F /* PoCApi_KeyValueList.m in Sources */ = {isa = PBXBuildFile; fileRef = 35E799751D48917400B0B60F /* PoCApi_KeyValueList.m */; };
		35E79CD71D48917600B0B60F /* PoCApi_KeyValuePair.m in Sources */ = {isa = PBXBuildFile; fileRef = 35E799771D48917400B0B60F /* PoCApi_KeyValuePair.m */; };
		35E79CD81D48917600B0B60F /* PoCApi_KeyValuePair_ArrayResp.m in Sources */ = {isa = PBXBuildFile; fileRef = 35E799791D48917400B0B60F /* PoCApi_KeyValuePair_ArrayResp.m */; };
		35E79CD91D48917600B0B60F /* PoCApi_LongResp.m in Sources */ = {isa = PBXBuildFile; fileRef = 35E7997B1D48917400B0B60F /* PoCApi_LongResp.m */; };
		35E79CE21D48917600B0B60F /* PoCApi_NumberResp.m in Sources */ = {isa = PBXBuildFile; fileRef = 35E7998D1D48917400B0B60F /* PoCApi_NumberResp.m */; };
		35E79D451D48917600B0B60F /* PoCApi_Response.m in Sources */ = {isa = PBXBuildFile; fileRef = 35E79A531D48917500B0B60F /* PoCApi_Response.m */; };
		35E79D711D48917600B0B60F /* PoCApi_StringArrayResp.m in Sources */ = {isa = PBXBuildFile; fileRef = 35E79AAB1D48917500B0B60F /* PoCApi_StringArrayResp.m */; };
		35E79D721D48917600B0B60F /* PoCApi_StringResp.m in Sources */ = {isa = PBXBuildFile; fileRef = 35E79AAD1D48917500B0B60F /* PoCApi_StringResp.m */; };
		5FCF565A1D4A56D200EFE8E1 /* PoCApi_MessageNotification.m in Sources */ = {isa = PBXBuildFile; fileRef = 5FCF56421D4A56D200EFE8E1 /* PoCApi_MessageNotification.m */; };
		5FE392CB1F346D5B00437592 /* apiTests.swift in Sources */ = {isa = PBXBuildFile; fileRef = 5FE392CA1F346D5B00437592 /* apiTests.swift */; };
		5FE392CD1F346D5B00437592 /* libapisdk.a in Frameworks */ = {isa = PBXBuildFile; fileRef = 3580C1491D12B4E80027180B /* libapisdk.a */; };
/* End PBXBuildFile section */

/* Begin PBXContainerItemProxy section */
		5FE392CE1F346D5B00437592 /* PBXContainerItemProxy */ = {
			isa = PBXContainerItemProxy;
			containerPortal = 3580C1411D12B4E80027180B /* Project object */;
			proxyType = 1;
			remoteGlobalIDString = 3580C1481D12B4E80027180B;
			remoteInfo = apisdk;
		};
/* End PBXContainerItemProxy section */

/* Begin PBXCopyFilesBuildPhase section */
		3580C1471D12B4E80027180B /* CopyFiles */ = {
			isa = PBXCopyFilesBuildPhase;
			buildActionMask = 2147483647;
			dstPath = "include/$(PRODUCT_NAME)";
			dstSubfolderSpec = 16;
			files = (
			);
			runOnlyForDeploymentPostprocessing = 0;
		};
/* End PBXCopyFilesBuildPhase section */

/* Begin PBXFileReference section */
		3580C1491D12B4E80027180B /* libapisdk.a */ = {isa = PBXFileReference; explicitFileType = archive.ar; includeInIndex = 0; path = libapisdk.a; sourceTree = BUILT_PRODUCTS_DIR; };
		3580CE011D12B6220027180B /* PoCApiAccessor.h */ = {isa = PBXFileReference; fileEncoding = 4; lastKnownFileType = sourcecode.c.h; path = PoCApiAccessor.h; sourceTree = "<group>"; };
		3580CE021D12B6220027180B /* PoCApiAccessor.m */ = {isa = PBXFileReference; fileEncoding = 4; lastKnownFileType = sourcecode.c.objc; path = PoCApiAccessor.m; sourceTree = "<group>"; };
		3580CE031D12B6220027180B /* PoCApiConfig.h */ = {isa = PBXFileReference; fileEncoding = 4; lastKnownFileType = sourcecode.c.h; path = PoCApiConfig.h; sourceTree = "<group>"; };
		3580CE041D12B6220027180B /* PoCApiContext.h */ = {isa = PBXFileReference; fileEncoding = 4; lastKnownFileType = sourcecode.c.h; path = PoCApiContext.h; sourceTree = "<group>"; };
		3580CE051D12B6220027180B /* PoCApiContext.m */ = {isa = PBXFileReference; fileEncoding = 4; lastKnownFileType = sourcecode.c.objc; path = PoCApiContext.m; sourceTree = "<group>"; };
		3580CE061D12B6220027180B /* PoCBaseRequest.h */ = {isa = PBXFileReference; fileEncoding = 4; lastKnownFileType = sourcecode.c.h; path = PoCBaseRequest.h; sourceTree = "<group>"; };
		3580CE071D12B6220027180B /* PoCBaseRequest.m */ = {isa = PBXFileReference; fileEncoding = 4; lastKnownFileType = sourcecode.c.objc; path = PoCBaseRequest.m; sourceTree = "<group>"; };
		3580CE081D12B6220027180B /* PoCFileRequest.h */ = {isa = PBXFileReference; fileEncoding = 4; lastKnownFileType = sourcecode.c.h; path = PoCFileRequest.h; sourceTree = "<group>"; };
		3580CE091D12B6220027180B /* PoCFileRequest.m */ = {isa = PBXFileReference; fileEncoding = 4; lastKnownFileType = sourcecode.c.objc; path = PoCFileRequest.m; sourceTree = "<group>"; };
		3580CE0A1D12B6220027180B /* PoCFileResp.h */ = {isa = PBXFileReference; fileEncoding = 4; lastKnownFileType = sourcecode.c.h; path = PoCFileResp.h; sourceTree = "<group>"; };
		3580CE0B1D12B6220027180B /* PoCFileResp.m */ = {isa = PBXFileReference; fileEncoding = 4; lastKnownFileType = sourcecode.c.objc; path = PoCFileResp.m; sourceTree = "<group>"; };
		3580CE0C1D12B6220027180B /* PoCLocalException.h */ = {isa = PBXFileReference; fileEncoding = 4; lastKnownFileType = sourcecode.c.h; path = PoCLocalException.h; sourceTree = "<group>"; };
		3580CE0D1D12B6220027180B /* PoCLocalException.m */ = {isa = PBXFileReference; fileEncoding = 4; lastKnownFileType = sourcecode.c.objc; path = PoCLocalException.m; sourceTree = "<group>"; };
		3580CE0E1D12B6220027180B /* PoCResponse.h */ = {isa = PBXFileReference; fileEncoding = 4; lastKnownFileType = sourcecode.c.h; path = PoCResponse.h; sourceTree = "<group>"; };
		3580CE0F1D12B6220027180B /* PoCResponse.m */ = {isa = PBXFileReference; fileEncoding = 4; lastKnownFileType = sourcecode.c.objc; path = PoCResponse.m; sourceTree = "<group>"; };
		3580CE101D12B6220027180B /* PoCServerResponse.h */ = {isa = PBXFileReference; fileEncoding = 4; lastKnownFileType = sourcecode.c.h; path = PoCServerResponse.h; sourceTree = "<group>"; };
		3580CE111D12B6220027180B /* PoCServerResponse.m */ = {isa = PBXFileReference; fileEncoding = 4; lastKnownFileType = sourcecode.c.objc; path = PoCServerResponse.m; sourceTree = "<group>"; };
		3580CE121D12B6220027180B /* PoCSystemVersion.h */ = {isa = PBXFileReference; fileEncoding = 4; lastKnownFileType = sourcecode.c.h; path = PoCSystemVersion.h; sourceTree = "<group>"; };
		3580CE131D12B6220027180B /* PoCSystemVersion.m */ = {isa = PBXFileReference; fileEncoding = 4; lastKnownFileType = sourcecode.c.objc; path = PoCSystemVersion.m; sourceTree = "<group>"; };
		3580CE141D12B6220027180B /* apisdk_Prefix.pch */ = {isa = PBXFileReference; fileEncoding = 4; lastKnownFileType = sourcecode.c.h; path = apisdk_Prefix.pch; sourceTree = "<group>"; };
		35E795CC1D48917000B0B60F /* PoCApiCode.h */ = {isa = PBXFileReference; fileEncoding = 4; lastKnownFileType = sourcecode.c.h; path = PoCApiCode.h; sourceTree = "<group>"; };
		35E795CD1D48917000B0B60F /* PoCApiCode.m */ = {isa = PBXFileReference; fileEncoding = 4; lastKnownFileType = sourcecode.c.objc; path = PoCApiCode.m; sourceTree = "<group>"; };
		35E795CE1D48917000B0B60F /* PoCApiRequestInclude.h */ = {isa = PBXFileReference; fileEncoding = 4; lastKnownFileType = sourcecode.c.h; path = PoCApiRequestInclude.h; sourceTree = "<group>"; };
		35E798B01D48917300B0B60F /* PoCApi_BoolArrayResp.h */ = {isa = PBXFileReference; fileEncoding = 4; lastKnownFileType = sourcecode.c.h; path = PoCApi_BoolArrayResp.h; sourceTree = "<group>"; };
		35E798B11D48917300B0B60F /* PoCApi_BoolArrayResp.m */ = {isa = PBXFileReference; fileEncoding = 4; lastKnownFileType = sourcecode.c.objc; path = PoCApi_BoolArrayResp.m; sourceTree = "<group>"; };
		35E798B21D48917300B0B60F /* PoCApi_BoolResp.h */ = {isa = PBXFileReference; fileEncoding = 4; lastKnownFileType = sourcecode.c.h; path = PoCApi_BoolResp.h; sourceTree = "<group>"; };
		35E798B31D48917300B0B60F /* PoCApi_BoolResp.m */ = {isa = PBXFileReference; fileEncoding = 4; lastKnownFileType = sourcecode.c.objc; path = PoCApi_BoolResp.m; sourceTree = "<group>"; };
		35E798C61D48917300B0B60F /* PoCApi_CallState.h */ = {isa = PBXFileReference; fileEncoding = 4; lastKnownFileType = sourcecode.c.h; path = PoCApi_CallState.h; sourceTree = "<group>"; };
		35E798C71D48917300B0B60F /* PoCApi_CallState.m */ = {isa = PBXFileReference; fileEncoding = 4; lastKnownFileType = sourcecode.c.objc; path = PoCApi_CallState.m; sourceTree = "<group>"; };
		35E799181D48917300B0B60F /* PoCApi_CreditNotification.h */ = {isa = PBXFileReference; fileEncoding = 4; lastKnownFileType = sourcecode.c.h; path = PoCApi_CreditNotification.h; sourceTree = "<group>"; };
		35E799191D48917300B0B60F /* PoCApi_CreditNotification.m */ = {isa = PBXFileReference; fileEncoding = 4; lastKnownFileType = sourcecode.c.objc; path = PoCApi_CreditNotification.m; sourceTree = "<group>"; };
		35E799721D48917400B0B60F /* PoCApi_JSONString.h */ = {isa = PBXFileReference; fileEncoding = 4; lastKnownFileType = sourcecode.c.h; path = PoCApi_JSONString.h; sourceTree = "<group>"; };
		35E799731D48917400B0B60F /* PoCApi_JSONString.m */ = {isa = PBXFileReference; fileEncoding = 4; lastKnownFileType = sourcecode.c.objc; path = PoCApi_JSONString.m; sourceTree = "<group>"; };
		35E799741D48917400B0B60F /* PoCApi_KeyValueList.h */ = {isa = PBXFileReference; fileEncoding = 4; lastKnownFileType = sourcecode.c.h; path = PoCApi_KeyValueList.h; sourceTree = "<group>"; };
		35E799751D48917400B0B60F /* PoCApi_KeyValueList.m */ = {isa = PBXFileReference; fileEncoding = 4; lastKnownFileType = sourcecode.c.objc; path = PoCApi_KeyValueList.m; sourceTree = "<group>"; };
		35E799761D48917400B0B60F /* PoCApi_KeyValuePair.h */ = {isa = PBXFileReference; fileEncoding = 4; lastKnownFileType = sourcecode.c.h; path = PoCApi_KeyValuePair.h; sourceTree = "<group>"; };
		35E799771D48917400B0B60F /* PoCApi_KeyValuePair.m */ = {isa = PBXFileReference; fileEncoding = 4; lastKnownFileType = sourcecode.c.objc; path = PoCApi_KeyValuePair.m; sourceTree = "<group>"; };
		35E799781D48917400B0B60F /* PoCApi_KeyValuePair_ArrayResp.h */ = {isa = PBXFileReference; fileEncoding = 4; lastKnownFileType = sourcecode.c.h; path = PoCApi_KeyValuePair_ArrayResp.h; sourceTree = "<group>"; };
		35E799791D48917400B0B60F /* PoCApi_KeyValuePair_ArrayResp.m */ = {isa = PBXFileReference; fileEncoding = 4; lastKnownFileType = sourcecode.c.objc; path = PoCApi_KeyValuePair_ArrayResp.m; sourceTree = "<group>"; };
		35E7997A1D48917400B0B60F /* PoCApi_LongResp.h */ = {isa = PBXFileReference; fileEncoding = 4; lastKnownFileType = sourcecode.c.h; path = PoCApi_LongResp.h; sourceTree = "<group>"; };
		35E7997B1D48917400B0B60F /* PoCApi_LongResp.m */ = {isa = PBXFileReference; fileEncoding = 4; lastKnownFileType = sourcecode.c.objc; path = PoCApi_LongResp.m; sourceTree = "<group>"; };
		35E7998C1D48917400B0B60F /* PoCApi_NumberResp.h */ = {isa = PBXFileReference; fileEncoding = 4; lastKnownFileType = sourcecode.c.h; path = PoCApi_NumberResp.h; sourceTree = "<group>"; };
		35E7998D1D48917400B0B60F /* PoCApi_NumberResp.m */ = {isa = PBXFileReference; fileEncoding = 4; lastKnownFileType = sourcecode.c.objc; path = PoCApi_NumberResp.m; sourceTree = "<group>"; };
		35E79A521D48917500B0B60F /* PoCApi_Response.h */ = {isa = PBXFileReference; fileEncoding = 4; lastKnownFileType = sourcecode.c.h; path = PoCApi_Response.h; sourceTree = "<group>"; };
		35E79A531D48917500B0B60F /* PoCApi_Response.m */ = {isa = PBXFileReference; fileEncoding = 4; lastKnownFileType = sourcecode.c.objc; path = PoCApi_Response.m; sourceTree = "<group>"; };
		35E79AAA1D48917500B0B60F /* PoCApi_StringArrayResp.h */ = {isa = PBXFileReference; fileEncoding = 4; lastKnownFileType = sourcecode.c.h; path = PoCApi_StringArrayResp.h; sourceTree = "<group>"; };
		35E79AAB1D48917500B0B60F /* PoCApi_StringArrayResp.m */ = {isa = PBXFileReference; fileEncoding = 4; lastKnownFileType = sourcecode.c.objc; path = PoCApi_StringArrayResp.m; sourceTree = "<group>"; };
		35E79AAC1D48917500B0B60F /* PoCApi_StringResp.h */ = {isa = PBXFileReference; fileEncoding = 4; lastKnownFileType = sourcecode.c.h; path = PoCApi_StringResp.h; sourceTree = "<group>"; };
		35E79AAD1D48917500B0B60F /* PoCApi_StringResp.m */ = {isa = PBXFileReference; fileEncoding = 4; lastKnownFileType = sourcecode.c.objc; path = PoCApi_StringResp.m; sourceTree = "<group>"; };
		35E79B021D48917600B0B60F /* PoCApiResponseInclude.h */ = {isa = PBXFileReference; fileEncoding = 4; lastKnownFileType = sourcecode.c.h; path = PoCApiResponseInclude.h; sourceTree = "<group>"; };
		5FCF56411D4A56D200EFE8E1 /* PoCApi_MessageNotification.h */ = {isa = PBXFileReference; fileEncoding = 4; lastKnownFileType = sourcecode.c.h; path = PoCApi_MessageNotification.h; sourceTree = "<group>"; };
		5FCF56421D4A56D200EFE8E1 /* PoCApi_MessageNotification.m */ = {isa = PBXFileReference; fileEncoding = 4; lastKnownFileType = sourcecode.c.objc; path = PoCApi_MessageNotification.m; sourceTree = "<group>"; };
		5FE392C31F346D0600437592 /* apisdk-Bridging-Header.h */ = {isa = PBXFileReference; fileEncoding = 4; lastKnownFileType = sourcecode.c.h; path = "apisdk-Bridging-Header.h"; sourceTree = "<group>"; };
		5FE392C81F346D5A00437592 /* apiTests.xctest */ = {isa = PBXFileReference; explicitFileType = wrapper.cfbundle; includeInIndex = 0; path = apiTests.xctest; sourceTree = BUILT_PRODUCTS_DIR; };
		5FE392CA1F346D5B00437592 /* apiTests.swift */ = {isa = PBXFileReference; lastKnownFileType = sourcecode.swift; path = apiTests.swift; sourceTree = "<group>"; };
		5FE392CC1F346D5B00437592 /* Info.plist */ = {isa = PBXFileReference; lastKnownFileType = text.plist.xml; path = Info.plist; sourceTree = "<group>"; };
/* End PBXFileReference section */

/* Begin PBXFrameworksBuildPhase section */
		3580C1461D12B4E80027180B /* Frameworks */ = {
			isa = PBXFrameworksBuildPhase;
			buildActionMask = 2147483647;
			files = (
			);
			runOnlyForDeploymentPostprocessing = 0;
		};
		5FE392C51F346D5A00437592 /* Frameworks */ = {
			isa = PBXFrameworksBuildPhase;
			buildActionMask = 2147483647;
			files = (
				5FE392CD1F346D5B00437592 /* libapisdk.a in Frameworks */,
			);
			runOnlyForDeploymentPostprocessing = 0;
		};
/* End PBXFrameworksBuildPhase section */

/* Begin PBXGroup section */
		3580C1401D12B4E80027180B = {
			isa = PBXGroup;
			children = (
				3580C8FF1D12B61D0027180B /* apisdk */,
				5FE392C91F346D5A00437592 /* apiTests */,
				3580C14A1D12B4E80027180B /* Products */,
			);
			sourceTree = "<group>";
		};
		3580C14A1D12B4E80027180B /* Products */ = {
			isa = PBXGroup;
			children = (
				3580C1491D12B4E80027180B /* libapisdk.a */,
				5FE392C81F346D5A00437592 /* apiTests.xctest */,
			);
			name = Products;
			sourceTree = "<group>";
		};
		3580C8FF1D12B61D0027180B /* apisdk */ = {
			isa = PBXGroup;
			children = (
				5FE392C31F346D0600437592 /* apisdk-Bridging-Header.h */,
				3580C9001D12B61D0027180B /* PoCAPICore */,
				3580CE141D12B6220027180B /* apisdk_Prefix.pch */,
			);
			path = apisdk;
			sourceTree = "<group>";
		};
		3580C9001D12B61D0027180B /* PoCAPICore */ = {
			isa = PBXGroup;
			children = (
				35E795CB1D48917000B0B60F /* Request */,
				35E798811D48917300B0B60F /* Response */,
				3580CE011D12B6220027180B /* PoCApiAccessor.h */,
				3580CE021D12B6220027180B /* PoCApiAccessor.m */,
				3580CE031D12B6220027180B /* PoCApiConfig.h */,
				3580CE041D12B6220027180B /* PoCApiContext.h */,
				3580CE051D12B6220027180B /* PoCApiContext.m */,
				3580CE061D12B6220027180B /* PoCBaseRequest.h */,
				3580CE071D12B6220027180B /* PoCBaseRequest.m */,
				3580CE081D12B6220027180B /* PoCFileRequest.h */,
				3580CE091D12B6220027180B /* PoCFileRequest.m */,
				3580CE0A1D12B6220027180B /* PoCFileResp.h */,
				3580CE0B1D12B6220027180B /* PoCFileResp.m */,
				3580CE0C1D12B6220027180B /* PoCLocalException.h */,
				3580CE0D1D12B6220027180B /* PoCLocalException.m */,
				3580CE0E1D12B6220027180B /* PoCResponse.h */,
				3580CE0F1D12B6220027180B /* PoCResponse.m */,
				3580CE101D12B6220027180B /* PoCServerResponse.h */,
				3580CE111D12B6220027180B /* PoCServerResponse.m */,
				3580CE121D12B6220027180B /* PoCSystemVersion.h */,
				3580CE131D12B6220027180B /* PoCSystemVersion.m */,
			);
			path = PoCAPICore;
			sourceTree = "<group>";
		};
		35E795CB1D48917000B0B60F /* Request */ = {
			isa = PBXGroup;
			children = (
				35E795CC1D48917000B0B60F /* PoCApiCode.h */,
				35E795CD1D48917000B0B60F /* PoCApiCode.m */,
				35E795CE1D48917000B0B60F /* PoCApiRequestInclude.h */,
			);
			path = Request;
			sourceTree = "<group>";
		};
		35E798811D48917300B0B60F /* Response */ = {
			isa = PBXGroup;
			children = (
				5FCF56411D4A56D200EFE8E1 /* PoCApi_MessageNotification.h */,
				5FCF56421D4A56D200EFE8E1 /* PoCApi_MessageNotification.m */,
				35E798B01D48917300B0B60F /* PoCApi_BoolArrayResp.h */,
				35E798B11D48917300B0B60F /* PoCApi_BoolArrayResp.m */,
				35E798B21D48917300B0B60F /* PoCApi_BoolResp.h */,
				35E798B31D48917300B0B60F /* PoCApi_BoolResp.m */,
				35E798C61D48917300B0B60F /* PoCApi_CallState.h */,
				35E798C71D48917300B0B60F /* PoCApi_CallState.m */,
				35E799181D48917300B0B60F /* PoCApi_CreditNotification.h */,
				35E799191D48917300B0B60F /* PoCApi_CreditNotification.m */,
				35E799721D48917400B0B60F /* PoCApi_JSONString.h */,
				35E799731D48917400B0B60F /* PoCApi_JSONString.m */,
				35E799741D48917400B0B60F /* PoCApi_KeyValueList.h */,
				35E799751D48917400B0B60F /* PoCApi_KeyValueList.m */,
				35E799761D48917400B0B60F /* PoCApi_KeyValuePair.h */,
				35E799771D48917400B0B60F /* PoCApi_KeyValuePair.m */,
				35E799781D48917400B0B60F /* PoCApi_KeyValuePair_ArrayResp.h */,
				35E799791D48917400B0B60F /* PoCApi_KeyValuePair_ArrayResp.m */,
				35E7997A1D48917400B0B60F /* PoCApi_LongResp.h */,
				35E7997B1D48917400B0B60F /* PoCApi_LongResp.m */,
				35E7998C1D48917400B0B60F /* PoCApi_NumberResp.h */,
				35E7998D1D48917400B0B60F /* PoCApi_NumberResp.m */,
				35E79A521D48917500B0B60F /* PoCApi_Response.h */,
				35E79A531D48917500B0B60F /* PoCApi_Response.m */,
				35E79AAA1D48917500B0B60F /* PoCApi_StringArrayResp.h */,
				35E79AAB1D48917500B0B60F /* PoCApi_StringArrayResp.m */,
				35E79AAC1D48917500B0B60F /* PoCApi_StringResp.h */,
				35E79AAD1D48917500B0B60F /* PoCApi_StringResp.m */,
				35E79B021D48917600B0B60F /* PoCApiResponseInclude.h */,
			);
			path = Response;
			sourceTree = "<group>";
		};
		5FE392C91F346D5A00437592 /* apiTests */ = {
			isa = PBXGroup;
			children = (
				5FE392CA1F346D5B00437592 /* apiTests.swift */,
				5FE392CC1F346D5B00437592 /* Info.plist */,
			);
			path = apiTests;
			sourceTree = "<group>";
		};
/* End PBXGroup section */

/* Begin PBXNativeTarget section */
		3580C1481D12B4E80027180B /* apisdk */ = {
			isa = PBXNativeTarget;
			buildConfigurationList = 3580C1521D12B4E80027180B /* Build configuration list for PBXNativeTarget "apisdk" */;
			buildPhases = (
				3580C1451D12B4E80027180B /* Sources */,
				3580C1461D12B4E80027180B /* Frameworks */,
				3580C1471D12B4E80027180B /* CopyFiles */,
			);
			buildRules = (
			);
			dependencies = (
			);
			name = apisdk;
			productName = apisdk;
			productReference = 3580C1491D12B4E80027180B /* libapisdk.a */;
			productType = "com.apple.product-type.library.static";
		};
		5FE392C71F346D5A00437592 /* apiTests */ = {
			isa = PBXNativeTarget;
			buildConfigurationList = 5FE392D01F346D5B00437592 /* Build configuration list for PBXNativeTarget "apiTests" */;
			buildPhases = (
				5FE392C41F346D5A00437592 /* Sources */,
				5FE392C51F346D5A00437592 /* Frameworks */,
				5FE392C61F346D5A00437592 /* Resources */,
			);
			buildRules = (
			);
			dependencies = (
				5FE392CF1F346D5B00437592 /* PBXTargetDependency */,
			);
			name = apiTests;
			productName = apiTests;
			productReference = 5FE392C81F346D5A00437592 /* apiTests.xctest */;
			productType = "com.apple.product-type.bundle.unit-test";
		};
/* End PBXNativeTarget section */

/* Begin PBXProject section */
		3580C1411D12B4E80027180B /* Project object */ = {
			isa = PBXProject;
			attributes = {
				LastSwiftUpdateCheck = 0830;
				LastUpgradeCheck = 0720;
				ORGANIZATIONNAME = pocrd.net;
				TargetAttributes = {
					3580C1481D12B4E80027180B = {
						CreatedOnToolsVersion = 7.2.1;
					};
					5FE392C71F346D5A00437592 = {
						CreatedOnToolsVersion = 8.3.3;
						ProvisioningStyle = Automatic;
					};
				};
			};
			buildConfigurationList = 3580C1441D12B4E80027180B /* Build configuration list for PBXProject "apisdk" */;
			compatibilityVersion = "Xcode 3.2";
			developmentRegion = English;
			hasScannedForEncodings = 0;
			knownRegions = (
				en,
			);
			mainGroup = 3580C1401D12B4E80027180B;
			productRefGroup = 3580C14A1D12B4E80027180B /* Products */;
			projectDirPath = "";
			projectRoot = "";
			targets = (
				3580C1481D12B4E80027180B /* apisdk */,
				5FE392C71F346D5A00437592 /* apiTests */,
			);
		};
/* End PBXProject section */

/* Begin PBXResourcesBuildPhase section */
		5FE392C61F346D5A00437592 /* Resources */ = {
			isa = PBXResourcesBuildPhase;
			buildActionMask = 2147483647;
			files = (
			);
			runOnlyForDeploymentPostprocessing = 0;
		};
/* End PBXResourcesBuildPhase section */

/* Begin PBXSourcesBuildPhase section */
		3580C1451D12B4E80027180B /* Sources */ = {
			isa = PBXSourcesBuildPhase;
			buildActionMask = 2147483647;
			files = (
				35E79C7F1D48917600B0B60F /* PoCApi_CallState.m in Sources */,
				3580D09A1D12B6220027180B /* PoCServerResponse.m in Sources */,
				5FCF565A1D4A56D200EFE8E1 /* PoCApi_MessageNotification.m in Sources */,
				35E79CD81D48917600B0B60F /* PoCApi_KeyValuePair_ArrayResp.m in Sources */,
				35E79CD91D48917600B0B60F /* PoCApi_LongResp.m in Sources */,
				3580D0931D12B6220027180B /* PoCApiAccessor.m in Sources */,
				35E79D451D48917600B0B60F /* PoCApi_Response.m in Sources */,
				35E79CD71D48917600B0B60F /* PoCApi_KeyValuePair.m in Sources */,
				3580D0991D12B6220027180B /* PoCResponse.m in Sources */,
				3580D0981D12B6220027180B /* PoCLocalException.m in Sources */,
				35E79D711D48917600B0B60F /* PoCApi_StringArrayResp.m in Sources */,
				35E79CD51D48917600B0B60F /* PoCApi_JSONString.m in Sources */,
				35E79C741D48917600B0B60F /* PoCApi_BoolArrayResp.m in Sources */,
				3580D0941D12B6220027180B /* PoCApiContext.m in Sources */,
				3580D0951D12B6220027180B /* PoCBaseRequest.m in Sources */,
				3580D09B1D12B6220027180B /* PoCSystemVersion.m in Sources */,
				35E79CD61D48917600B0B60F /* PoCApi_KeyValueList.m in Sources */,
				35E79C751D48917600B0B60F /* PoCApi_BoolResp.m in Sources */,
				35E79CA81D48917600B0B60F /* PoCApi_CreditNotification.m in Sources */,
				35E79CE21D48917600B0B60F /* PoCApi_NumberResp.m in Sources */,
				3580D0961D12B6220027180B /* PoCFileRequest.m in Sources */,
				35E79D721D48917600B0B60F /* PoCApi_StringResp.m in Sources */,
				35E79B031D48917600B0B60F /* PoCApiCode.m in Sources */,
				3580D0971D12B6220027180B /* PoCFileResp.m in Sources */,
			);
			runOnlyForDeploymentPostprocessing = 0;
		};
		5FE392C41F346D5A00437592 /* Sources */ = {
			isa = PBXSourcesBuildPhase;
			buildActionMask = 2147483647;
			files = (
				5FE392CB1F346D5B00437592 /* apiTests.swift in Sources */,
			);
			runOnlyForDeploymentPostprocessing = 0;
		};
/* End PBXSourcesBuildPhase section */

/* Begin PBXTargetDependency section */
		5FE392CF1F346D5B00437592 /* PBXTargetDependency */ = {
			isa = PBXTargetDependency;
			target = 3580C1481D12B4E80027180B /* apisdk */;
			targetProxy = 5FE392CE1F346D5B00437592 /* PBXContainerItemProxy */;
		};
/* End PBXTargetDependency section */

/* Begin XCBuildConfiguration section */
		3580C1501D12B4E80027180B /* Debug */ = {
			isa = XCBuildConfiguration;
			buildSettings = {
				ALWAYS_SEARCH_USER_PATHS = NO;
				CLANG_CXX_LANGUAGE_STANDARD = "gnu++0x";
				CLANG_CXX_LIBRARY = "libc++";
				CLANG_ENABLE_MODULES = YES;
				CLANG_ENABLE_OBJC_ARC = YES;
				CLANG_WARN_BOOL_CONVERSION = YES;
				CLANG_WARN_CONSTANT_CONVERSION = YES;
				CLANG_WARN_DIRECT_OBJC_ISA_USAGE = YES_ERROR;
				CLANG_WARN_EMPTY_BODY = YES;
				CLANG_WARN_ENUM_CONVERSION = YES;
				CLANG_WARN_INT_CONVERSION = YES;
				CLANG_WARN_OBJC_ROOT_CLASS = YES_ERROR;
				CLANG_WARN_UNREACHABLE_CODE = YES;
				CLANG_WARN__DUPLICATE_METHOD_MATCH = YES;
				"CODE_SIGN_IDENTITY[sdk=iphoneos*]" = "iPhone Developer";
				COPY_PHASE_STRIP = NO;
				DEBUG_INFORMATION_FORMAT = dwarf;
				ENABLE_STRICT_OBJC_MSGSEND = YES;
				ENABLE_TESTABILITY = YES;
				GCC_C_LANGUAGE_STANDARD = gnu99;
				GCC_DYNAMIC_NO_PIC = NO;
				GCC_NO_COMMON_BLOCKS = YES;
				GCC_OPTIMIZATION_LEVEL = 0;
				GCC_PREFIX_HEADER = apisdk/apisdk_Prefix.pch;
				GCC_PREPROCESSOR_DEFINITIONS = (
					"DEBUG=1",
					"$(inherited)",
				);
				GCC_WARN_64_TO_32_BIT_CONVERSION = YES;
				GCC_WARN_ABOUT_RETURN_TYPE = YES_ERROR;
				GCC_WARN_UNDECLARED_SELECTOR = YES;
				GCC_WARN_UNINITIALIZED_AUTOS = YES_AGGRESSIVE;
				GCC_WARN_UNUSED_FUNCTION = YES;
				GCC_WARN_UNUSED_VARIABLE = YES;
				IPHONEOS_DEPLOYMENT_TARGET = 7.0;
				MTL_ENABLE_DEBUG_INFO = YES;
				ONLY_ACTIVE_ARCH = YES;
				SDKROOT = iphoneos;
			};
			name = Debug;
		};
		3580C1511D12B4E80027180B /* Release */ = {
			isa = XCBuildConfiguration;
			buildSettings = {
				ALWAYS_SEARCH_USER_PATHS = NO;
				CLANG_CXX_LANGUAGE_STANDARD = "gnu++0x";
				CLANG_CXX_LIBRARY = "libc++";
				CLANG_ENABLE_MODULES = YES;
				CLANG_ENABLE_OBJC_ARC = YES;
				CLANG_WARN_BOOL_CONVERSION = YES;
				CLANG_WARN_CONSTANT_CONVERSION = YES;
				CLANG_WARN_DIRECT_OBJC_ISA_USAGE = YES_ERROR;
				CLANG_WARN_EMPTY_BODY = YES;
				CLANG_WARN_ENUM_CONVERSION = YES;
				CLANG_WARN_INT_CONVERSION = YES;
				CLANG_WARN_OBJC_ROOT_CLASS = YES_ERROR;
				CLANG_WARN_UNREACHABLE_CODE = YES;
				CLANG_WARN__DUPLICATE_METHOD_MATCH = YES;
				"CODE_SIGN_IDENTITY[sdk=iphoneos*]" = "iPhone Developer";
				COPY_PHASE_STRIP = NO;
				DEBUG_INFORMATION_FORMAT = "dwarf-with-dsym";
				ENABLE_NS_ASSERTIONS = NO;
				ENABLE_STRICT_OBJC_MSGSEND = YES;
				GCC_C_LANGUAGE_STANDARD = gnu99;
				GCC_NO_COMMON_BLOCKS = YES;
				GCC_PREFIX_HEADER = apisdk/apisdk_Prefix.pch;
				GCC_WARN_64_TO_32_BIT_CONVERSION = YES;
				GCC_WARN_ABOUT_RETURN_TYPE = YES_ERROR;
				GCC_WARN_UNDECLARED_SELECTOR = YES;
				GCC_WARN_UNINITIALIZED_AUTOS = YES_AGGRESSIVE;
				GCC_WARN_UNUSED_FUNCTION = YES;
				GCC_WARN_UNUSED_VARIABLE = YES;
				IPHONEOS_DEPLOYMENT_TARGET = 7.0;
				MTL_ENABLE_DEBUG_INFO = NO;
				SDKROOT = iphoneos;
				VALIDATE_PRODUCT = YES;
			};
			name = Release;
		};
		3580C1531D12B4E80027180B /* Debug */ = {
			isa = XCBuildConfiguration;
			buildSettings = {
				OTHER_LDFLAGS = "-ObjC";
				PRODUCT_NAME = "$(TARGET_NAME)";
				SKIP_INSTALL = YES;
			};
			name = Debug;
		};
		3580C1541D12B4E80027180B /* Release */ = {
			isa = XCBuildConfiguration;
			buildSettings = {
				OTHER_LDFLAGS = "-ObjC";
				PRODUCT_NAME = "$(TARGET_NAME)";
				SKIP_INSTALL = YES;
			};
			name = Release;
		};
		5FE392D11F346D5B00437592 /* Debug */ = {
			isa = XCBuildConfiguration;
			buildSettings = {
				CLANG_ANALYZER_NONNULL = YES;
				CLANG_ANALYZER_NUMBER_OBJECT_CONVERSION = YES_AGGRESSIVE;
				CLANG_WARN_DOCUMENTATION_COMMENTS = YES;
				CLANG_WARN_INFINITE_RECURSION = YES;
				CLANG_WARN_SUSPICIOUS_MOVE = YES;
				INFOPLIST_FILE = apiTests/Info.plist;
				IPHONEOS_DEPLOYMENT_TARGET = 10.3;
				LD_RUNPATH_SEARCH_PATHS = "$(inherited) @executable_path/Frameworks @loader_path/Frameworks";
				PRODUCT_BUNDLE_IDENTIFIER = net.pocrd.apiTests;
				PRODUCT_NAME = "$(TARGET_NAME)";
				SWIFT_ACTIVE_COMPILATION_CONDITIONS = DEBUG;
				SWIFT_OBJC_BRIDGING_HEADER = "apisdk/apisdk-Bridging-Header.h";
				SWIFT_OPTIMIZATION_LEVEL = "-Onone";
				SWIFT_VERSION = 3.0;
			};
			name = Debug;
		};
		5FE392D21F346D5B00437592 /* Release */ = {
			isa = XCBuildConfiguration;
			buildSettings = {
				CLANG_ANALYZER_NONNULL = YES;
				CLANG_ANALYZER_NUMBER_OBJECT_CONVERSION = YES_AGGRESSIVE;
				CLANG_WARN_DOCUMENTATION_COMMENTS = YES;
				CLANG_WARN_INFINITE_RECURSION = YES;
				CLANG_WARN_SUSPICIOUS_MOVE = YES;
				INFOPLIST_FILE = apiTests/Info.plist;
				IPHONEOS_DEPLOYMENT_TARGET = 10.3;
				LD_RUNPATH_SEARCH_PATHS = "$(inherited) @executable_path/Frameworks @loader_path/Frameworks";
				PRODUCT_BUNDLE_IDENTIFIER = net.pocrd.apiTests;
				PRODUCT_NAME = "$(TARGET_NAME)";
				SWIFT_OBJC_BRIDGING_HEADER = "apisdk/apisdk-Bridging-Header.h";
				SWIFT_OPTIMIZATION_LEVEL = "-Owholemodule";
				SWIFT_VERSION = 3.0;
			};
			name = Release;
		};
/* End XCBuildConfiguration section */

/* Begin XCConfigurationList section */
		3580C1441D12B4E80027180B /* Build configuration list for PBXProject "apisdk" */ = {
			isa = XCConfigurationList;
			buildConfigurations = (
				3580C1501D12B4E80027180B /* Debug */,
				3580C1511D12B4E80027180B /* Release */,
			);
			defaultConfigurationIsVisible = 0;
			defaultConfigurationName = Release;
		};
		3580C1521D12B4E80027180B /* Build configuration list for PBXNativeTarget "apisdk" */ = {
			isa = XCConfigurationList;
			buildConfigurations = (
				3580C1531D12B4E80027180B /* Debug */,
				3580C1541D12B4E80027180B /* Release */,
			);
			defaultConfigurationIsVisible = 0;
			defaultConfigurationName = Release;
		};
		5FE392D01F346D5B00437592 /* Build configuration list for PBXNativeTarget "apiTests" */ = {
			isa = XCConfigurationList;
			buildConfigurations = (
				5FE392D11F346D5B00437592 /* Debug */,
				5FE392D21F346D5B00437592 /* Release */,
			);
			defaultConfigurationIsVisible = 0;
		};
/* End XCConfigurationList section */
	};
	rootObject = 3580C1411D12B4E80027180B /* Project object */;
}
